
Microsoft Visual Studio Solution File, Format Version 12.00
# Visual Studio Version 17
VisualStudioVersion = 17.0.31903.59
MinimumVisualStudioVersion = 10.0.40219.1
Project("{2150E333-8FDC-42A3-9474-1A3956D46DE8}") = "src", "src", "{827E0CD3-B72D-47B6-A68D-7590B98EB39B}"
EndProject
Project("{FAE04EC0-301F-11D3-BF4B-00C04F79EFBC}") = "Budget.Domain", "src\Budget.Domain\Budget.Domain.csproj", "{B0AA7A6F-CA9B-4821-AA47-4430429E0EA5}"
EndProject
Project("{FAE04EC0-301F-11D3-BF4B-00C04F79EFBC}") = "Budget.Application", "src\Budget.Application\Budget.Application.csproj", "{7FD9ACE7-070A-4B16-B211-BA45B5234021}"
EndProject
Project("{FAE04EC0-301F-11D3-BF4B-00C04F79EFBC}") = "Budget.Infrastructure", "src\Budget.Infrastructure\Budget.Infrastructure.csproj", "{BA813C57-E1FE-4F46-88FC-9E7C19740F7C}"
EndProject
Project("{FAE04EC0-301F-11D3-BF4B-00C04F79EFBC}") = "Budget.Api", "src\Budget.Api\Budget.Api.csproj", "{08263095-160B-46FE-85D2-6572E28390B2}"
EndProject
Project("{FAE04EC0-301F-11D3-BF4B-00C04F79EFBC}") = "Budget.Jobs", "src\Budget.Jobs\Budget.Jobs.csproj", "{1FB6F628-FC1C-4605-A72A-3AE1FF7BA8B1}"
EndProject
Project("{2150E333-8FDC-42A3-9474-1A3956D46DE8}") = "tests", "tests", "{0AB3BF05-4346-4AA6-1389-037BE0695223}"
EndProject
Project("{FAE04EC0-301F-11D3-BF4B-00C04F79EFBC}") = "Budget.Domain.Tests", "tests\Budget.Domain.Tests\Budget.Domain.Tests.csproj", "{2F1608BA-9409-4388-9360-DB1D30E6869E}"
EndProject
Project("{FAE04EC0-301F-11D3-BF4B-00C04F79EFBC}") = "Budget.Infrastructure.Tests", "tests\Budget.Infrastructure.Tests\Budget.Infrastructure.Tests.csproj", "{FA59FB10-84DE-4FFC-B133-CC78E4A61A59}"
EndProject
Project("{FAE04EC0-301F-11D3-BF4B-00C04F79EFBC}") = "Budget.Api.Tests", "tests\Budget.Api.Tests\Budget.Api.Tests.csproj", "{A4B07B78-22B4-4B2F-909A-7A6AD241C822}"
EndProject
Project("{FAE04EC0-301F-11D3-BF4B-00C04F79EFBC}") = "Budget.Application.Tests", "tests\Budget.Application.Tests\Budget.Application.Tests.csproj", "{EEB6254A-AB63-4406-A706-CC1D4A9BF91B}"
EndProject
Global
	GlobalSection(SolutionConfigurationPlatforms) = preSolution
		Debug|Any CPU = Debug|Any CPU
		Debug|x64 = Debug|x64
		Debug|x86 = Debug|x86
		Release|Any CPU = Release|Any CPU
		Release|x64 = Release|x64
		Release|x86 = Release|x86
	EndGlobalSection
	GlobalSection(ProjectConfigurationPlatforms) = postSolution
		{B0AA7A6F-CA9B-4821-AA47-4430429E0EA5}.Debug|Any CPU.ActiveCfg = Debug|Any CPU
		{B0AA7A6F-CA9B-4821-AA47-4430429E0EA5}.Debug|Any CPU.Build.0 = Debug|Any CPU
		{B0AA7A6F-CA9B-4821-AA47-4430429E0EA5}.Debug|x64.ActiveCfg = Debug|Any CPU
		{B0AA7A6F-CA9B-4821-AA47-4430429E0EA5}.Debug|x64.Build.0 = Debug|Any CPU
		{B0AA7A6F-CA9B-4821-AA47-4430429E0EA5}.Debug|x86.ActiveCfg = Debug|Any CPU
		{B0AA7A6F-CA9B-4821-AA47-4430429E0EA5}.Debug|x86.Build.0 = Debug|Any CPU
		{B0AA7A6F-CA9B-4821-AA47-4430429E0EA5}.Release|Any CPU.ActiveCfg = Release|Any CPU
		{B0AA7A6F-CA9B-4821-AA47-4430429E0EA5}.Release|Any CPU.Build.0 = Release|Any CPU
		{B0AA7A6F-CA9B-4821-AA47-4430429E0EA5}.Release|x64.ActiveCfg = Release|Any CPU
		{B0AA7A6F-CA9B-4821-AA47-4430429E0EA5}.Release|x64.Build.0 = Release|Any CPU
		{B0AA7A6F-CA9B-4821-AA47-4430429E0EA5}.Release|x86.ActiveCfg = Release|Any CPU
		{B0AA7A6F-CA9B-4821-AA47-4430429E0EA5}.Release|x86.Build.0 = Release|Any CPU
		{7FD9ACE7-070A-4B16-B211-BA45B5234021}.Debug|Any CPU.ActiveCfg = Debug|Any CPU
		{7FD9ACE7-070A-4B16-B211-BA45B5234021}.Debug|Any CPU.Build.0 = Debug|Any CPU
		{7FD9ACE7-070A-4B16-B211-BA45B5234021}.Debug|x64.ActiveCfg = Debug|Any CPU
		{7FD9ACE7-070A-4B16-B211-BA45B5234021}.Debug|x64.Build.0 = Debug|Any CPU
		{7FD9ACE7-070A-4B16-B211-BA45B5234021}.Debug|x86.ActiveCfg = Debug|Any CPU
		{7FD9ACE7-070A-4B16-B211-BA45B5234021}.Debug|x86.Build.0 = Debug|Any CPU
		{7FD9ACE7-070A-4B16-B211-BA45B5234021}.Release|Any CPU.ActiveCfg = Release|Any CPU
		{7FD9ACE7-070A-4B16-B211-BA45B5234021}.Release|Any CPU.Build.0 = Release|Any CPU
		{7FD9ACE7-070A-4B16-B211-BA45B5234021}.Release|x64.ActiveCfg = Release|Any CPU
		{7FD9ACE7-070A-4B16-B211-BA45B5234021}.Release|x64.Build.0 = Release|Any CPU
		{7FD9ACE7-070A-4B16-B211-BA45B5234021}.Release|x86.ActiveCfg = Release|Any CPU
		{7FD9ACE7-070A-4B16-B211-BA45B5234021}.Release|x86.Build.0 = Release|Any CPU
		{BA813C57-E1FE-4F46-88FC-9E7C19740F7C}.Debug|Any CPU.ActiveCfg = Debug|Any CPU
		{BA813C57-E1FE-4F46-88FC-9E7C19740F7C}.Debug|Any CPU.Build.0 = Debug|Any CPU
		{BA813C57-E1FE-4F46-88FC-9E7C19740F7C}.Debug|x64.ActiveCfg = Debug|Any CPU
		{BA813C57-E1FE-4F46-88FC-9E7C19740F7C}.Debug|x64.Build.0 = Debug|Any CPU
		{BA813C57-E1FE-4F46-88FC-9E7C19740F7C}.Debug|x86.ActiveCfg = Debug|Any CPU
		{BA813C57-E1FE-4F46-88FC-9E7C19740F7C}.Debug|x86.Build.0 = Debug|Any CPU
		{BA813C57-E1FE-4F46-88FC-9E7C19740F7C}.Release|Any CPU.ActiveCfg = Release|Any CPU
		{BA813C57-E1FE-4F46-88FC-9E7C19740F7C}.Release|Any CPU.Build.0 = Release|Any CPU
		{BA813C57-E1FE-4F46-88FC-9E7C19740F7C}.Release|x64.ActiveCfg = Release|Any CPU
		{BA813C57-E1FE-4F46-88FC-9E7C19740F7C}.Release|x64.Build.0 = Release|Any CPU
		{BA813C57-E1FE-4F46-88FC-9E7C19740F7C}.Release|x86.ActiveCfg = Release|Any CPU
		{BA813C57-E1FE-4F46-88FC-9E7C19740F7C}.Release|x86.Build.0 = Release|Any CPU
		{08263095-160B-46FE-85D2-6572E28390B2}.Debug|Any CPU.ActiveCfg = Debug|Any CPU
		{08263095-160B-46FE-85D2-6572E28390B2}.Debug|Any CPU.Build.0 = Debug|Any CPU
		{08263095-160B-46FE-85D2-6572E28390B2}.Debug|x64.ActiveCfg = Debug|Any CPU
		{08263095-160B-46FE-85D2-6572E28390B2}.Debug|x64.Build.0 = Debug|Any CPU
		{08263095-160B-46FE-85D2-6572E28390B2}.Debug|x86.ActiveCfg = Debug|Any CPU
		{08263095-160B-46FE-85D2-6572E28390B2}.Debug|x86.Build.0 = Debug|Any CPU
		{08263095-160B-46FE-85D2-6572E28390B2}.Release|Any CPU.ActiveCfg = Release|Any CPU
		{08263095-160B-46FE-85D2-6572E28390B2}.Release|Any CPU.Build.0 = Release|Any CPU
		{08263095-160B-46FE-85D2-6572E28390B2}.Release|x64.ActiveCfg = Release|Any CPU
		{08263095-160B-46FE-85D2-6572E28390B2}.Release|x64.Build.0 = Release|Any CPU
		{08263095-160B-46FE-85D2-6572E28390B2}.Release|x86.ActiveCfg = Release|Any CPU
		{08263095-160B-46FE-85D2-6572E28390B2}.Release|x86.Build.0 = Release|Any CPU
		{1FB6F628-FC1C-4605-A72A-3AE1FF7BA8B1}.Debug|Any CPU.ActiveCfg = Debug|Any CPU
		{1FB6F628-FC1C-4605-A72A-3AE1FF7BA8B1}.Debug|Any CPU.Build.0 = Debug|Any CPU
		{1FB6F628-FC1C-4605-A72A-3AE1FF7BA8B1}.Debug|x64.ActiveCfg = Debug|Any CPU
		{1FB6F628-FC1C-4605-A72A-3AE1FF7BA8B1}.Debug|x64.Build.0 = Debug|Any CPU
		{1FB6F628-FC1C-4605-A72A-3AE1FF7BA8B1}.Debug|x86.ActiveCfg = Debug|Any CPU
		{1FB6F628-FC1C-4605-A72A-3AE1FF7BA8B1}.Debug|x86.Build.0 = Debug|Any CPU
		{1FB6F628-FC1C-4605-A72A-3AE1FF7BA8B1}.Release|Any CPU.ActiveCfg = Release|Any CPU
		{1FB6F628-FC1C-4605-A72A-3AE1FF7BA8B1}.Release|Any CPU.Build.0 = Release|Any CPU
		{1FB6F628-FC1C-4605-A72A-3AE1FF7BA8B1}.Release|x64.ActiveCfg = Release|Any CPU
		{1FB6F628-FC1C-4605-A72A-3AE1FF7BA8B1}.Release|x64.Build.0 = Release|Any CPU
		{1FB6F628-FC1C-4605-A72A-3AE1FF7BA8B1}.Release|x86.ActiveCfg = Release|Any CPU
		{1FB6F628-FC1C-4605-A72A-3AE1FF7BA8B1}.Release|x86.Build.0 = Release|Any CPU
		{2F1608BA-9409-4388-9360-DB1D30E6869E}.Debug|Any CPU.ActiveCfg = Debug|Any CPU
		{2F1608BA-9409-4388-9360-DB1D30E6869E}.Debug|Any CPU.Build.0 = Debug|Any CPU
		{2F1608BA-9409-4388-9360-DB1D30E6869E}.Debug|x64.ActiveCfg = Debug|Any CPU
		{2F1608BA-9409-4388-9360-DB1D30E6869E}.Debug|x64.Build.0 = Debug|Any CPU
		{2F1608BA-9409-4388-9360-DB1D30E6869E}.Debug|x86.ActiveCfg = Debug|Any CPU
		{2F1608BA-9409-4388-9360-DB1D30E6869E}.Debug|x86.Build.0 = Debug|Any CPU
		{2F1608BA-9409-4388-9360-DB1D30E6869E}.Release|Any CPU.ActiveCfg = Release|Any CPU
		{2F1608BA-9409-4388-9360-DB1D30E6869E}.Release|Any CPU.Build.0 = Release|Any CPU
		{2F1608BA-9409-4388-9360-DB1D30E6869E}.Release|x64.ActiveCfg = Release|Any CPU
		{2F1608BA-9409-4388-9360-DB1D30E6869E}.Release|x64.Build.0 = Release|Any CPU
		{2F1608BA-9409-4388-9360-DB1D30E6869E}.Release|x86.ActiveCfg = Release|Any CPU
		{2F1608BA-9409-4388-9360-DB1D30E6869E}.Release|x86.Build.0 = Release|Any CPU
		{FA59FB10-84DE-4FFC-B133-CC78E4A61A59}.Debug|Any CPU.ActiveCfg = Debug|Any CPU
		{FA59FB10-84DE-4FFC-B133-CC78E4A61A59}.Debug|Any CPU.Build.0 = Debug|Any CPU
		{FA59FB10-84DE-4FFC-B133-CC78E4A61A59}.Debug|x64.ActiveCfg = Debug|Any CPU
		{FA59FB10-84DE-4FFC-B133-CC78E4A61A59}.Debug|x64.Build.0 = Debug|Any CPU
		{FA59FB10-84DE-4FFC-B133-CC78E4A61A59}.Debug|x86.ActiveCfg = Debug|Any CPU
		{FA59FB10-84DE-4FFC-B133-CC78E4A61A59}.Debug|x86.Build.0 = Debug|Any CPU
		{FA59FB10-84DE-4FFC-B133-CC78E4A61A59}.Release|Any CPU.ActiveCfg = Release|Any CPU
		{FA59FB10-84DE-4FFC-B133-CC78E4A61A59}.Release|Any CPU.Build.0 = Release|Any CPU
		{FA59FB10-84DE-4FFC-B133-CC78E4A61A59}.Release|x64.ActiveCfg = Release|Any CPU
		{FA59FB10-84DE-4FFC-B133-CC78E4A61A59}.Release|x64.Build.0 = Release|Any CPU
		{FA59FB10-84DE-4FFC-B133-CC78E4A61A59}.Release|x86.ActiveCfg = Release|Any CPU
		{FA59FB10-84DE-4FFC-B133-CC78E4A61A59}.Release|x86.Build.0 = Release|Any CPU
		{A4B07B78-22B4-4B2F-909A-7A6AD241C822}.Debug|Any CPU.ActiveCfg = Debug|Any CPU
		{A4B07B78-22B4-4B2F-909A-7A6AD241C822}.Debug|Any CPU.Build.0 = Debug|Any CPU
		{A4B07B78-22B4-4B2F-909A-7A6AD241C822}.Debug|x64.ActiveCfg = Debug|Any CPU
		{A4B07B78-22B4-4B2F-909A-7A6AD241C822}.Debug|x64.Build.0 = Debug|Any CPU
		{A4B07B78-22B4-4B2F-909A-7A6AD241C822}.Debug|x86.ActiveCfg = Debug|Any CPU
		{A4B07B78-22B4-4B2F-909A-7A6AD241C822}.Debug|x86.Build.0 = Debug|Any CPU
		{A4B07B78-22B4-4B2F-909A-7A6AD241C822}.Release|Any CPU.ActiveCfg = Release|Any CPU
		{A4B07B78-22B4-4B2F-909A-7A6AD241C822}.Release|Any CPU.Build.0 = Release|Any CPU
		{A4B07B78-22B4-4B2F-909A-7A6AD241C822}.Release|x64.ActiveCfg = Release|Any CPU
		{A4B07B78-22B4-4B2F-909A-7A6AD241C822}.Release|x64.Build.0 = Release|Any CPU
		{A4B07B78-22B4-4B2F-909A-7A6AD241C822}.Release|x86.ActiveCfg = Release|Any CPU
		{A4B07B78-22B4-4B2F-909A-7A6AD241C822}.Release|x86.Build.0 = Release|Any CPU
		{EEB6254A-AB63-4406-A706-CC1D4A9BF91B}.Debug|Any CPU.ActiveCfg = Debug|Any CPU
		{EEB6254A-AB63-4406-A706-CC1D4A9BF91B}.Debug|Any CPU.Build.0 = Debug|Any CPU
		{EEB6254A-AB63-4406-A706-CC1D4A9BF91B}.Debug|x64.ActiveCfg = Debug|Any CPU
		{EEB6254A-AB63-4406-A706-CC1D4A9BF91B}.Debug|x64.Build.0 = Debug|Any CPU
		{EEB6254A-AB63-4406-A706-CC1D4A9BF91B}.Debug|x86.ActiveCfg = Debug|Any CPU
		{EEB6254A-AB63-4406-A706-CC1D4A9BF91B}.Debug|x86.Build.0 = Debug|Any CPU
		{EEB6254A-AB63-4406-A706-CC1D4A9BF91B}.Release|Any CPU.ActiveCfg = Release|Any CPU
		{EEB6254A-AB63-4406-A706-CC1D4A9BF91B}.Release|Any CPU.Build.0 = Release|Any CPU
		{EEB6254A-AB63-4406-A706-CC1D4A9BF91B}.Release|x64.ActiveCfg = Release|Any CPU
		{EEB6254A-AB63-4406-A706-CC1D4A9BF91B}.Release|x64.Build.0 = Release|Any CPU
		{EEB6254A-AB63-4406-A706-CC1D4A9BF91B}.Release|x86.ActiveCfg = Release|Any CPU
		{EEB6254A-AB63-4406-A706-CC1D4A9BF91B}.Release|x86.Build.0 = Release|Any CPU
	EndGlobalSection
	GlobalSection(SolutionProperties) = preSolution
		HideSolutionNode = FALSE
	EndGlobalSection
	GlobalSection(NestedProjects) = preSolution
		{B0AA7A6F-CA9B-4821-AA47-4430429E0EA5} = {827E0CD3-B72D-47B6-A68D-7590B98EB39B}
		{7FD9ACE7-070A-4B16-B211-BA45B5234021} = {827E0CD3-B72D-47B6-A68D-7590B98EB39B}
		{BA813C57-E1FE-4F46-88FC-9E7C19740F7C} = {827E0CD3-B72D-47B6-A68D-7590B98EB39B}
		{08263095-160B-46FE-85D2-6572E28390B2} = {827E0CD3-B72D-47B6-A68D-7590B98EB39B}
		{1FB6F628-FC1C-4605-A72A-3AE1FF7BA8B1} = {827E0CD3-B72D-47B6-A68D-7590B98EB39B}
		{2F1608BA-9409-4388-9360-DB1D30E6869E} = {0AB3BF05-4346-4AA6-1389-037BE0695223}
		{FA59FB10-84DE-4FFC-B133-CC78E4A61A59} = {0AB3BF05-4346-4AA6-1389-037BE0695223}
		{A4B07B78-22B4-4B2F-909A-7A6AD241C822} = {0AB3BF05-4346-4AA6-1389-037BE0695223}
		{EEB6254A-AB63-4406-A706-CC1D4A9BF91B} = {0AB3BF05-4346-4AA6-1389-037BE0695223}
	EndGlobalSection
EndGlobal
